{
  "requires": true,
  "lockfileVersion": 1,
  "dependencies": {
    "tiktoken": {
      "version": "1.0.17",
      "resolved": "https://registry.npmjs.org/tiktoken/-/tiktoken-1.0.17.tgz",
      "integrity": "sha512-UuFHqpy/DxOfNiC3otsqbx3oS6jr5uKdQhB/CvDEroZQbVHt+qAK+4JbIooabUWKU9g6PpsFylNu9Wcg4MxSGA=="
    }
  }
}
